
Microsoft Visual Studio Solution File, Format Version 12.00
# Visual Studio Version 16
VisualStudioVersion = 16.0.30002.166
MinimumVisualStudioVersion = 10.0.40219.1
Project("{FAE04EC0-301F-11D3-BF4B-00C04F79EFBC}") = "ParkingLot", "ParkingLot\ParkingLot.csproj", "{FFE397E5-3213-4EE5-ABAB-1A4DBCAE4771}"
EndProject
Project("{FAE04EC0-301F-11D3-BF4B-00C04F79EFBC}") = "ParkingLotBusinessLayer", "ParkingLotBusinessLayer\ParkingLotBusinessLayer.csproj", "{011F8C1F-62FF-48AA-8961-C1142FEC2D45}"
EndProject
Project("{FAE04EC0-301F-11D3-BF4B-00C04F79EFBC}") = "ParkingLotCommonLayer", "ParkingLotCommonLayer\ParkingLotCommonLayer.csproj", "{9F4F34F8-F9F6-429D-AFAC-72181563827F}"
EndProject
Project("{FAE04EC0-301F-11D3-BF4B-00C04F79EFBC}") = "ParkingLotRepositoryLayer", "ParkingLotRepositoryLayer\ParkingLotRepositoryLayer.csproj", "{164A3C75-A7F7-488D-AFF0-AA0ED4CDB824}"
EndProject
Global
	GlobalSection(SolutionConfigurationPlatforms) = preSolution
		Debug|Any CPU = Debug|Any CPU
		Release|Any CPU = Release|Any CPU
	EndGlobalSection
	GlobalSection(ProjectConfigurationPlatforms) = postSolution
		{FFE397E5-3213-4EE5-ABAB-1A4DBCAE4771}.Debug|Any CPU.ActiveCfg = Debug|Any CPU
		{FFE397E5-3213-4EE5-ABAB-1A4DBCAE4771}.Debug|Any CPU.Build.0 = Debug|Any CPU
		{FFE397E5-3213-4EE5-ABAB-1A4DBCAE4771}.Release|Any CPU.ActiveCfg = Release|Any CPU
		{FFE397E5-3213-4EE5-ABAB-1A4DBCAE4771}.Release|Any CPU.Build.0 = Release|Any CPU
		{011F8C1F-62FF-48AA-8961-C1142FEC2D45}.Debug|Any CPU.ActiveCfg = Debug|Any CPU
		{011F8C1F-62FF-48AA-8961-C1142FEC2D45}.Debug|Any CPU.Build.0 = Debug|Any CPU
		{011F8C1F-62FF-48AA-8961-C1142FEC2D45}.Release|Any CPU.ActiveCfg = Release|Any CPU
		{011F8C1F-62FF-48AA-8961-C1142FEC2D45}.Release|Any CPU.Build.0 = Release|Any CPU
		{9F4F34F8-F9F6-429D-AFAC-72181563827F}.Debug|Any CPU.ActiveCfg = Debug|Any CPU
		{9F4F34F8-F9F6-429D-AFAC-72181563827F}.Debug|Any CPU.Build.0 = Debug|Any CPU
		{9F4F34F8-F9F6-429D-AFAC-72181563827F}.Release|Any CPU.ActiveCfg = Release|Any CPU
		{9F4F34F8-F9F6-429D-AFAC-72181563827F}.Release|Any CPU.Build.0 = Release|Any CPU
		{164A3C75-A7F7-488D-AFF0-AA0ED4CDB824}.Debug|Any CPU.ActiveCfg = Debug|Any CPU
		{164A3C75-A7F7-488D-AFF0-AA0ED4CDB824}.Debug|Any CPU.Build.0 = Debug|Any CPU
		{164A3C75-A7F7-488D-AFF0-AA0ED4CDB824}.Release|Any CPU.ActiveCfg = Release|Any CPU
		{164A3C75-A7F7-488D-AFF0-AA0ED4CDB824}.Release|Any CPU.Build.0 = Release|Any CPU
	EndGlobalSection
	GlobalSection(SolutionProperties) = preSolution
		HideSolutionNode = FALSE
	EndGlobalSection
	GlobalSection(ExtensibilityGlobals) = postSolution
		SolutionGuid = {A3CD3AEE-8E65-461B-B7A8-9B9EA5FE964E}
	EndGlobalSection
EndGlobal
